// !$*UTF8*$!
{
	archiveVersion = 1;
	classes = {
	};
	objectVersion = 50;
	objects = {

/* Begin PBXBuildFile section */
		A638E504242BB09200F517B7 /* AppDelegate.swift in Sources */ = {isa = PBXBuildFile; fileRef = A638E503242BB09200F517B7 /* AppDelegate.swift */; };
		A638E506242BB09200F517B7 /* SceneDelegate.swift in Sources */ = {isa = PBXBuildFile; fileRef = A638E505242BB09200F517B7 /* SceneDelegate.swift */; };
		A638E508242BB09200F517B7 /* ContentView.swift in Sources */ = {isa = PBXBuildFile; fileRef = A638E507242BB09200F517B7 /* ContentView.swift */; };
		A638E50A242BB09600F517B7 /* Assets.xcassets in Resources */ = {isa = PBXBuildFile; fileRef = A638E509242BB09600F517B7 /* Assets.xcassets */; };
		A638E50D242BB09600F517B7 /* Preview Assets.xcassets in Resources */ = {isa = PBXBuildFile; fileRef = A638E50C242BB09600F517B7 /* Preview Assets.xcassets */; };
		A638E510242BB09600F517B7 /* LaunchScreen.storyboard in Resources */ = {isa = PBXBuildFile; fileRef = A638E50E242BB09600F517B7 /* LaunchScreen.storyboard */; };
		A638E51B242BB09700F517B7 /* GitTestTests.swift in Sources */ = {isa = PBXBuildFile; fileRef = A638E51A242BB09700F517B7 /* GitTestTests.swift */; };
		A638E526242BB09700F517B7 /* GitTestUITests.swift in Sources */ = {isa = PBXBuildFile; fileRef = A638E525242BB09700F517B7 /* GitTestUITests.swift */; };
/* End PBXBuildFile section */

/* Begin PBXContainerItemProxy section */
		A638E517242BB09700F517B7 /* PBXContainerItemProxy */ = {
			isa = PBXContainerItemProxy;
			containerPortal = A638E4F8242BB09200F517B7 /* Project object */;
			proxyType = 1;
			remoteGlobalIDString = A638E4FF242BB09200F517B7;
			remoteInfo = GitTest;
		};
		A638E522242BB09700F517B7 /* PBXContainerItemProxy */ = {
			isa = PBXContainerItemProxy;
			containerPortal = A638E4F8242BB09200F517B7 /* Project object */;
			proxyType = 1;
			remoteGlobalIDString = A638E4FF242BB09200F517B7;
			remoteInfo = GitTest;
		};
/* End PBXContainerItemProxy section */

/* Begin PBXFileReference section */
		A638E500242BB09200F517B7 /* GitTest.app */ = {isa = PBXFileReference; explicitFileType = wrapper.application; includeInIndex = 0; path = GitTest.app; sourceTree = BUILT_PRODUCTS_DIR; };
		A638E503242BB09200F517B7 /* AppDelegate.swift */ = {isa = PBXFileReference; lastKnownFileType = sourcecode.swift; path = AppDelegate.swift; sourceTree = "<group>"; };
		A638E505242BB09200F517B7 /* SceneDelegate.swift */ = {isa = PBXFileReference; lastKnownFileType = sourcecode.swift; path = SceneDelegate.swift; sourceTree = "<group>"; };
		A638E507242BB09200F517B7 /* ContentView.swift */ = {isa = PBXFileReference; lastKnownFileType = sourcecode.swift; path = ContentView.swift; sourceTree = "<group>"; };
		A638E509242BB09600F517B7 /* Assets.xcassets */ = {isa = PBXFileReference; lastKnownFileType = folder.assetcatalog; path = Assets.xcassets; sourceTree = "<group>"; };
		A638E50C242BB09600F517B7 /* Preview Assets.xcassets */ = {isa = PBXFileReference; lastKnownFileType = folder.assetcatalog; path = "Preview Assets.xcassets"; sourceTree = "<group>"; };
		A638E50F242BB09600F517B7 /* Base */ = {isa = PBXFileReference; lastKnownFileType = file.storyboard; name = Base; path = Base.lproj/LaunchScreen.storyboard; sourceTree = "<group>"; };
		A638E511242BB09600F517B7 /* Info.plist */ = {isa = PBXFileReference; lastKnownFileType = text.plist.xml; path = Info.plist; sourceTree = "<group>"; };
		A638E516242BB09700F517B7 /* GitTestTests.xctest */ = {isa = PBXFileReference; explicitFileType = wrapper.cfbundle; includeInIndex = 0; path = GitTestTests.xctest; sourceTree = BUILT_PRODUCTS_DIR; };
		A638E51A242BB09700F517B7 /* GitTestTests.swift */ = {isa = PBXFileReference; lastKnownFileType = sourcecode.swift; path = GitTestTests.swift; sourceTree = "<group>"; };
		A638E51C242BB09700F517B7 /* Info.plist */ = {isa = PBXFileReference; lastKnownFileType = text.plist.xml; path = Info.plist; sourceTree = "<group>"; };
		A638E521242BB09700F517B7 /* GitTestUITests.xctest */ = {isa = PBXFileReference; explicitFileType = wrapper.cfbundle; includeInIndex = 0; path = GitTestUITests.xctest; sourceTree = BUILT_PRODUCTS_DIR; };
		A638E525242BB09700F517B7 /* GitTestUITests.swift */ = {isa = PBXFileReference; lastKnownFileType = sourcecode.swift; path = GitTestUITests.swift; sourceTree = "<group>"; };
		A638E527242BB09700F517B7 /* Info.plist */ = {isa = PBXFileReference; lastKnownFileType = text.plist.xml; path = Info.plist; sourceTree = "<group>"; };
/* End PBXFileReference section */

/* Begin PBXFrameworksBuildPhase section */
		A638E4FD242BB09200F517B7 /* Frameworks */ = {
			isa = PBXFrameworksBuildPhase;
			buildActionMask = 2147483647;
			files = (
			);
			runOnlyForDeploymentPostprocessing = 0;
		};
		A638E513242BB09700F517B7 /* Frameworks */ = {
			isa = PBXFrameworksBuildPhase;
			buildActionMask = 2147483647;
			files = (
			);
			runOnlyForDeploymentPostprocessing = 0;
		};
		A638E51E242BB09700F517B7 /* Frameworks */ = {
			isa = PBXFrameworksBuildPhase;
			buildActionMask = 2147483647;
			files = (
			);
			runOnlyForDeploymentPostprocessing = 0;
		};
/* End PBXFrameworksBuildPhase section */

/* Begin PBXGroup section */
		A638E4F7242BB09200F517B7 = {
			isa = PBXGroup;
			children = (
				A638E502242BB09200F517B7 /* GitTest */,
				A638E519242BB09700F517B7 /* GitTestTests */,
				A638E524242BB09700F517B7 /* GitTestUITests */,
				A638E501242BB09200F517B7 /* Products */,
			);
			sourceTree = "<group>";
		};
		A638E501242BB09200F517B7 /* Products */ = {
			isa = PBXGroup;
			children = (
				A638E500242BB09200F517B7 /* GitTest.app */,
				A638E516242BB09700F517B7 /* GitTestTests.xctest */,
				A638E521242BB09700F517B7 /* GitTestUITests.xctest */,
			);
			name = Products;
			sourceTree = "<group>";
		};
		A638E502242BB09200F517B7 /* GitTest */ = {
			isa = PBXGroup;
			children = (
				A638E503242BB09200F517B7 /* AppDelegate.swift */,
				A638E505242BB09200F517B7 /* SceneDelegate.swift */,
				A638E507242BB09200F517B7 /* ContentView.swift */,
				A638E509242BB09600F517B7 /* Assets.xcassets */,
				A638E50E242BB09600F517B7 /* LaunchScreen.storyboard */,
				A638E511242BB09600F517B7 /* Info.plist */,
				A638E50B242BB09600F517B7 /* Preview Content */,
			);
			path = GitTest;
			sourceTree = "<group>";
		};
		A638E50B242BB09600F517B7 /* Preview Content */ = {
			isa = PBXGroup;
			children = (
				A638E50C242BB09600F517B7 /* Preview Assets.xcassets */,
			);
			path = "Preview Content";
			sourceTree = "<group>";
		};
		A638E519242BB09700F517B7 /* GitTestTests */ = {
			isa = PBXGroup;
			children = (
				A638E51A242BB09700F517B7 /* GitTestTests.swift */,
				A638E51C242BB09700F517B7 /* Info.plist */,
			);
			path = GitTestTests;
			sourceTree = "<group>";
		};
		A638E524242BB09700F517B7 /* GitTestUITests */ = {
			isa = PBXGroup;
			children = (
				A638E525242BB09700F517B7 /* GitTestUITests.swift */,
				A638E527242BB09700F517B7 /* Info.plist */,
			);
			path = GitTestUITests;
			sourceTree = "<group>";
		};
/* End PBXGroup section */

/* Begin PBXNativeTarget section */
		A638E4FF242BB09200F517B7 /* GitTest */ = {
			isa = PBXNativeTarget;
			buildConfigurationList = A638E52A242BB09700F517B7 /* Build configuration list for PBXNativeTarget "GitTest" */;
			buildPhases = (
				A638E4FC242BB09200F517B7 /* Sources */,
				A638E4FD242BB09200F517B7 /* Frameworks */,
				A638E4FE242BB09200F517B7 /* Resources */,
			);
			buildRules = (
			);
			dependencies = (
			);
			name = GitTest;
			productName = GitTest;
			productReference = A638E500242BB09200F517B7 /* GitTest.app */;
			productType = "com.apple.product-type.application";
		};
		A638E515242BB09700F517B7 /* GitTestTests */ = {
			isa = PBXNativeTarget;
			buildConfigurationList = A638E52D242BB09700F517B7 /* Build configuration list for PBXNativeTarget "GitTestTests" */;
			buildPhases = (
				A638E512242BB09700F517B7 /* Sources */,
				A638E513242BB09700F517B7 /* Frameworks */,
				A638E514242BB09700F517B7 /* Resources */,
			);
			buildRules = (
			);
			dependencies = (
				A638E518242BB09700F517B7 /* PBXTargetDependency */,
			);
			name = GitTestTests;
			productName = GitTestTests;
			productReference = A638E516242BB09700F517B7 /* GitTestTests.xctest */;
			productType = "com.apple.product-type.bundle.unit-test";
		};
		A638E520242BB09700F517B7 /* GitTestUITests */ = {
			isa = PBXNativeTarget;
			buildConfigurationList = A638E530242BB09700F517B7 /* Build configuration list for PBXNativeTarget "GitTestUITests" */;
			buildPhases = (
				A638E51D242BB09700F517B7 /* Sources */,
				A638E51E242BB09700F517B7 /* Frameworks */,
				A638E51F242BB09700F517B7 /* Resources */,
			);
			buildRules = (
			);
			dependencies = (
				A638E523242BB09700F517B7 /* PBXTargetDependency */,
			);
			name = GitTestUITests;
			productName = GitTestUITests;
			productReference = A638E521242BB09700F517B7 /* GitTestUITests.xctest */;
			productType = "com.apple.product-type.bundle.ui-testing";
		};
/* End PBXNativeTarget section */

/* Begin PBXProject section */
		A638E4F8242BB09200F517B7 /* Project object */ = {
			isa = PBXProject;
			attributes = {
				LastSwiftUpdateCheck = 1140;
				LastUpgradeCheck = 1140;
				ORGANIZATIONNAME = "Sand Creek Software";
				TargetAttributes = {
					A638E4FF242BB09200F517B7 = {
						CreatedOnToolsVersion = 11.4;
					};
					A638E515242BB09700F517B7 = {
						CreatedOnToolsVersion = 11.4;
						TestTargetID = A638E4FF242BB09200F517B7;
					};
					A638E520242BB09700F517B7 = {
						CreatedOnToolsVersion = 11.4;
						TestTargetID = A638E4FF242BB09200F517B7;
					};
				};
			};
			buildConfigurationList = A638E4FB242BB09200F517B7 /* Build configuration list for PBXProject "GitTest" */;
			compatibilityVersion = "Xcode 9.3";
			developmentRegion = en;
			hasScannedForEncodings = 0;
			knownRegions = (
				en,
				Base,
			);
			mainGroup = A638E4F7242BB09200F517B7;
			productRefGroup = A638E501242BB09200F517B7 /* Products */;
			projectDirPath = "";
			projectRoot = "";
			targets = (
				A638E4FF242BB09200F517B7 /* GitTest */,
				A638E515242BB09700F517B7 /* GitTestTests */,
				A638E520242BB09700F517B7 /* GitTestUITests */,
			);
		};
/* End PBXProject section */

/* Begin PBXResourcesBuildPhase section */
		A638E4FE242BB09200F517B7 /* Resources */ = {
			isa = PBXResourcesBuildPhase;
			buildActionMask = 2147483647;
			files = (
				A638E510242BB09600F517B7 /* LaunchScreen.storyboard in Resources */,
				A638E50D242BB09600F517B7 /* Preview Assets.xcassets in Resources */,
				A638E50A242BB09600F517B7 /* Assets.xcassets in Resources */,
			);
			runOnlyForDeploymentPostprocessing = 0;
		};
		A638E514242BB09700F517B7 /* Resources */ = {
			isa = PBXResourcesBuildPhase;
			buildActionMask = 2147483647;
			files = (
			);
			runOnlyForDeploymentPostprocessing = 0;
		};
		A638E51F242BB09700F517B7 /* Resources */ = {
			isa = PBXResourcesBuildPhase;
			buildActionMask = 2147483647;
			files = (
			);
			runOnlyForDeploymentPostprocessing = 0;
		};
/* End PBXResourcesBuildPhase section */

/* Begin PBXSourcesBuildPhase section */
		A638E4FC242BB09200F517B7 /* Sources */ = {
			isa = PBXSourcesBuildPhase;
			buildActionMask = 2147483647;
			files = (
				A638E504242BB09200F517B7 /* AppDelegate.swift in Sources */,
				A638E506242BB09200F517B7 /* SceneDelegate.swift in Sources */,
				A638E508242BB09200F517B7 /* ContentView.swift in Sources */,
			);
			runOnlyForDeploymentPostprocessing = 0;
		};
		A638E512242BB09700F517B7 /* Sources */ = {
			isa = PBXSourcesBuildPhase;
			buildActionMask = 2147483647;
			files = (
				A638E51B242BB09700F517B7 /* GitTestTests.swift in Sources */,
			);
			runOnlyForDeploymentPostprocessing = 0;
		};
		A638E51D242BB09700F517B7 /* Sources */ = {
			isa = PBXSourcesBuildPhase;
			buildActionMask = 2147483647;
			files = (
				A638E526242BB09700F517B7 /* GitTestUITests.swift in Sources */,
			);
			runOnlyForDeploymentPostprocessing = 0;
		};
/* End PBXSourcesBuildPhase section */

/* Begin PBXTargetDependency section */
		A638E518242BB09700F517B7 /* PBXTargetDependency */ = {
			isa = PBXTargetDependency;
			target = A638E4FF242BB09200F517B7 /* GitTest */;
			targetProxy = A638E517242BB09700F517B7 /* PBXContainerItemProxy */;
		};
		A638E523242BB09700F517B7 /* PBXTargetDependency */ = {
			isa = PBXTargetDependency;
			target = A638E4FF242BB09200F517B7 /* GitTest */;
			targetProxy = A638E522242BB09700F517B7 /* PBXContainerItemProxy */;
		};
/* End PBXTargetDependency section */

/* Begin PBXVariantGroup section */
		A638E50E242BB09600F517B7 /* LaunchScreen.storyboard */ = {
			isa = PBXVariantGroup;
			children = (
				A638E50F242BB09600F517B7 /* Base */,
			);
			name = LaunchScreen.storyboard;
			sourceTree = "<group>";
		};
/* End PBXVariantGroup section */

/* Begin XCBuildConfiguration section */
		A638E528242BB09700F517B7 /* Debug */ = {
			isa = XCBuildConfiguration;
			buildSettings = {
				ALWAYS_SEARCH_USER_PATHS = NO;
				CLANG_ANALYZER_NONNULL = YES;
				CLANG_ANALYZER_NUMBER_OBJECT_CONVERSION = YES_AGGRESSIVE;
				CLANG_CXX_LANGUAGE_STANDARD = "gnu++14";
				CLANG_CXX_LIBRARY = "libc++";
				CLANG_ENABLE_MODULES = YES;
				CLANG_ENABLE_OBJC_ARC = YES;
				CLANG_ENABLE_OBJC_WEAK = YES;
				CLANG_WARN_BLOCK_CAPTURE_AUTORELEASING = YES;
				CLANG_WARN_BOOL_CONVERSION = YES;
				CLANG_WARN_COMMA = YES;
				CLANG_WARN_CONSTANT_CONVERSION = YES;
				CLANG_WARN_DEPRECATED_OBJC_IMPLEMENTATIONS = YES;
				CLANG_WARN_DIRECT_OBJC_ISA_USAGE = YES_ERROR;
				CLANG_WARN_DOCUMENTATION_COMMENTS = YES;
				CLANG_WARN_EMPTY_BODY = YES;
				CLANG_WARN_ENUM_CONVERSION = YES;
				CLANG_WARN_INFINITE_RECURSION = YES;
				CLANG_WARN_INT_CONVERSION = YES;
				CLANG_WARN_NON_LITERAL_NULL_CONVERSION = YES;
				CLANG_WARN_OBJC_IMPLICIT_RETAIN_SELF = YES;
				CLANG_WARN_OBJC_LITERAL_CONVERSION = YES;
				CLANG_WARN_OBJC_ROOT_CLASS = YES_ERROR;
				CLANG_WARN_RANGE_LOOP_ANALYSIS = YES;
				CLANG_WARN_STRICT_PROTOTYPES = YES;
				CLANG_WARN_SUSPICIOUS_MOVE = YES;
				CLANG_WARN_UNGUARDED_AVAILABILITY = YES_AGGRESSIVE;
				CLANG_WARN_UNREACHABLE_CODE = YES;
				CLANG_WARN__DUPLICATE_METHOD_MATCH = YES;
				COPY_PHASE_STRIP = NO;
				DEBUG_INFORMATION_FORMAT = dwarf;
				ENABLE_STRICT_OBJC_MSGSEND = YES;
				ENABLE_TESTABILITY = YES;
				GCC_C_LANGUAGE_STANDARD = gnu11;
				GCC_DYNAMIC_NO_PIC = NO;
				GCC_NO_COMMON_BLOCKS = YES;
				GCC_OPTIMIZATION_LEVEL = 0;
				GCC_PREPROCESSOR_DEFINITIONS = (
					"DEBUG=1",
					"$(inherited)",
				);
				GCC_WARN_64_TO_32_BIT_CONVERSION = YES;
				GCC_WARN_ABOUT_RETURN_TYPE = YES_ERROR;
				GCC_WARN_UNDECLARED_SELECTOR = YES;
				GCC_WARN_UNINITIALIZED_AUTOS = YES_AGGRESSIVE;
				GCC_WARN_UNUSED_FUNCTION = YES;
				GCC_WARN_UNUSED_VARIABLE = YES;
				IPHONEOS_DEPLOYMENT_TARGET = 13.4;
				MTL_ENABLE_DEBUG_INFO = INCLUDE_SOURCE;
				MTL_FAST_MATH = YES;
				ONLY_ACTIVE_ARCH = YES;
				SDKROOT = iphoneos;
				SWIFT_ACTIVE_COMPILATION_CONDITIONS = DEBUG;
				SWIFT_OPTIMIZATION_LEVEL = "-Onone";
			};
			name = Debug;
		};
		A638E529242BB09700F517B7 /* Release */ = {
			isa = XCBuildConfiguration;
			buildSettings = {
				ALWAYS_SEARCH_USER_PATHS = NO;
				CLANG_ANALYZER_NONNULL = YES;
				CLANG_ANALYZER_NUMBER_OBJECT_CONVERSION = YES_AGGRESSIVE;
				CLANG_CXX_LANGUAGE_STANDARD = "gnu++14";
				CLANG_CXX_LIBRARY = "libc++";
				CLANG_ENABLE_MODULES = YES;
				CLANG_ENABLE_OBJC_ARC = YES;
				CLANG_ENABLE_OBJC_WEAK = YES;
				CLANG_WARN_BLOCK_CAPTURE_AUTORELEASING = YES;
				CLANG_WARN_BOOL_CONVERSION = YES;
				CLANG_WARN_COMMA = YES;
				CLANG_WARN_CONSTANT_CONVERSION = YES;
				CLANG_WARN_DEPRECATED_OBJC_IMPLEMENTATIONS = YES;
				CLANG_WARN_DIRECT_OBJC_ISA_USAGE = YES_ERROR;
				CLANG_WARN_DOCUMENTATION_COMMENTS = YES;
				CLANG_WARN_EMPTY_BODY = YES;
				CLANG_WARN_ENUM_CONVERSION = YES;
				CLANG_WARN_INFINITE_RECURSION = YES;
				CLANG_WARN_INT_CONVERSION = YES;
				CLANG_WARN_NON_LITERAL_NULL_CONVERSION = YES;
				CLANG_WARN_OBJC_IMPLICIT_RETAIN_SELF = YES;
				CLANG_WARN_OBJC_LITERAL_CONVERSION = YES;
				CLANG_WARN_OBJC_ROOT_CLASS = YES_ERROR;
				CLANG_WARN_RANGE_LOOP_ANALYSIS = YES;
				CLANG_WARN_STRICT_PROTOTYPES = YES;
				CLANG_WARN_SUSPICIOUS_MOVE = YES;
				CLANG_WARN_UNGUARDED_AVAILABILITY = YES_AGGRESSIVE;
				CLANG_WARN_UNREACHABLE_CODE = YES;
				CLANG_WARN__DUPLICATE_METHOD_MATCH = YES;
				COPY_PHASE_STRIP = NO;
				DEBUG_INFORMATION_FORMAT = "dwarf-with-dsym";
				ENABLE_NS_ASSERTIONS = NO;
				ENABLE_STRICT_OBJC_MSGSEND = YES;
				GCC_C_LANGUAGE_STANDARD = gnu11;
				GCC_NO_COMMON_BLOCKS = YES;
				GCC_WARN_64_TO_32_BIT_CONVERSION = YES;
				GCC_WARN_ABOUT_RETURN_TYPE = YES_ERROR;
				GCC_WARN_UNDECLARED_SELECTOR = YES;
				GCC_WARN_UNINITIALIZED_AUTOS = YES_AGGRESSIVE;
				GCC_WARN_UNUSED_FUNCTION = YES;
				GCC_WARN_UNUSED_VARIABLE = YES;
				IPHONEOS_DEPLOYMENT_TARGET = 13.4;
				MTL_ENABLE_DEBUG_INFO = NO;
				MTL_FAST_MATH = YES;
				SDKROOT = iphoneos;
				SWIFT_COMPILATION_MODE = wholemodule;
				SWIFT_OPTIMIZATION_LEVEL = "-O";
				VALIDATE_PRODUCT = YES;
			};
			name = Release;
		};
		A638E52B242BB09700F517B7 /* Debug */ = {
			isa = XCBuildConfiguration;
			buildSettings = {
				ASSETCATALOG_COMPILER_APPICON_NAME = AppIcon;
				CODE_SIGN_STYLE = Automatic;
				DEVELOPMENT_ASSET_PATHS = "\"GitTest/Preview Content\"";
				DEVELOPMENT_TEAM = 5RKJCTW7W3;
				ENABLE_PREVIEWS = YES;
				INFOPLIST_FILE = GitTest/Info.plist;
				LD_RUNPATH_SEARCH_PATHS = (
					"$(inherited)",
					"@executable_path/Frameworks",
				);
				PRODUCT_BUNDLE_IDENTIFIER = org.sandcreekstudios.GitTest;
				PRODUCT_NAME = "$(TARGET_NAME)";
				SWIFT_VERSION = 5.0;
				TARGETED_DEVICE_FAMILY = "1,2";
			};
			name = Debug;
		};
		A638E52C242BB09700F517B7 /* Release */ = {
			isa = XCBuildConfiguration;
			buildSettings = {
				ASSETCATALOG_COMPILER_APPICON_NAME = AppIcon;
				CODE_SIGN_STYLE = Automatic;
				DEVELOPMENT_ASSET_PATHS = "\"GitTest/Preview Content\"";
				DEVELOPMENT_TEAM = 5RKJCTW7W3;
				ENABLE_PREVIEWS = YES;
				INFOPLIST_FILE = GitTest/Info.plist;
				LD_RUNPATH_SEARCH_PATHS = (
					"$(inherited)",
					"@executable_path/Frameworks",
				);
				PRODUCT_BUNDLE_IDENTIFIER = org.sandcreekstudios.GitTest;
				PRODUCT_NAME = "$(TARGET_NAME)";
				SWIFT_VERSION = 5.0;
				TARGETED_DEVICE_FAMILY = "1,2";
			};
			name = Release;
		};
		A638E52E242BB09700F517B7 /* Debug */ = {
			isa = XCBuildConfiguration;
			buildSettings = {
				ALWAYS_EMBED_SWIFT_STANDARD_LIBRARIES = YES;
				BUNDLE_LOADER = "$(TEST_HOST)";
				CODE_SIGN_STYLE = Automatic;
				DEVELOPMENT_TEAM = 5RKJCTW7W3;
				INFOPLIST_FILE = GitTestTests/Info.plist;
				IPHONEOS_DEPLOYMENT_TARGET = 13.4;
				LD_RUNPATH_SEARCH_PATHS = (
					"$(inherited)",
					"@executable_path/Frameworks",
					"@loader_path/Frameworks",
				);
				PRODUCT_BUNDLE_IDENTIFIER = org.sandcreekstudios.GitTestTests;
				PRODUCT_NAME = "$(TARGET_NAME)";
				SWIFT_VERSION = 5.0;
				TARGETED_DEVICE_FAMILY = "1,2";
				TEST_HOST = "$(BUILT_PRODUCTS_DIR)/GitTest.app/GitTest";
			};
			name = Debug;
		};
		A638E52F242BB09700F517B7 /* Release */ = {
			isa = XCBuildConfiguration;
			buildSettings = {
				ALWAYS_EMBED_SWIFT_STANDARD_LIBRARIES = YES;
				BUNDLE_LOADER = "$(TEST_HOST)";
				CODE_SIGN_STYLE = Automatic;
				DEVELOPMENT_TEAM = 5RKJCTW7W3;
				INFOPLIST_FILE = GitTestTests/Info.plist;
				IPHONEOS_DEPLOYMENT_TARGET = 13.4;
				LD_RUNPATH_SEARCH_PATHS = (
					"$(inherited)",
					"@executable_path/Frameworks",
					"@loader_path/Frameworks",
				);
				PRODUCT_BUNDLE_IDENTIFIER = org.sandcreekstudios.GitTestTests;
				PRODUCT_NAME = "$(TARGET_NAME)";
				SWIFT_VERSION = 5.0;
				TARGETED_DEVICE_FAMILY = "1,2";
				TEST_HOST = "$(BUILT_PRODUCTS_DIR)/GitTest.app/GitTest";
			};
			name = Release;
		};
		A638E531242BB09700F517B7 /* Debug */ = {
			isa = XCBuildConfiguration;
			buildSettings = {
				ALWAYS_EMBED_SWIFT_STANDARD_LIBRARIES = YES;
				CODE_SIGN_STYLE = Automatic;
				DEVELOPMENT_TEAM = 5RKJCTW7W3;
				INFOPLIST_FILE = GitTestUITests/Info.plist;
				LD_RUNPATH_SEARCH_PATHS = (
					"$(inherited)",
					"@executable_path/Frameworks",
					"@loader_path/Frameworks",
				);
				PRODUCT_BUNDLE_IDENTIFIER = org.sandcreekstudios.GitTestUITests;
				PRODUCT_NAME = "$(TARGET_NAME)";
				SWIFT_VERSION = 5.0;
				TARGETED_DEVICE_FAMILY = "1,2";
				TEST_TARGET_NAME = GitTest;
			};
			name = Debug;
		};
		A638E532242BB09700F517B7 /* Release */ = {
			isa = XCBuildConfiguration;
			buildSettings = {
				ALWAYS_EMBED_SWIFT_STANDARD_LIBRARIES = YES;
				CODE_SIGN_STYLE = Automatic;
				DEVELOPMENT_TEAM = 5RKJCTW7W3;
				INFOPLIST_FILE = GitTestUITests/Info.plist;
				LD_RUNPATH_SEARCH_PATHS = (
					"$(inherited)",
					"@executable_path/Frameworks",
					"@loader_path/Frameworks",
				);
				PRODUCT_BUNDLE_IDENTIFIER = org.sandcreekstudios.GitTestUITests;
				PRODUCT_NAME = "$(TARGET_NAME)";
				SWIFT_VERSION = 5.0;
				TARGETED_DEVICE_FAMILY = "1,2";
				TEST_TARGET_NAME = GitTest;
			};
			name = Release;
		};
/* End XCBuildConfiguration section */

/* Begin XCConfigurationList section */
		A638E4FB242BB09200F517B7 /* Build configuration list for PBXProject "GitTest" */ = {
			isa = XCConfigurationList;
			buildConfigurations = (
				A638E528242BB09700F517B7 /* Debug */,
				A638E529242BB09700F517B7 /* Release */,
			);
			defaultConfigurationIsVisible = 0;
			defaultConfigurationName = Release;
		};
		A638E52A242BB09700F517B7 /* Build configuration list for PBXNativeTarget "GitTest" */ = {
			isa = XCConfigurationList;
			buildConfigurations = (
				A638E52B242BB09700F517B7 /* Debug */,
				A638E52C242BB09700F517B7 /* Release */,
			);
			defaultConfigurationIsVisible = 0;
			defaultConfigurationName = Release;
		};
		A638E52D242BB09700F517B7 /* Build configuration list for PBXNativeTarget "GitTestTests" */ = {
			isa = XCConfigurationList;
			buildConfigurations = (
				A638E52E242BB09700F517B7 /* Debug */,
				A638E52F242BB09700F517B7 /* Release */,
			);
			defaultConfigurationIsVisible = 0;
			defaultConfigurationName = Release;
		};
		A638E530242BB09700F517B7 /* Build configuration list for PBXNativeTarget "GitTestUITests" */ = {
			isa = XCConfigurationList;
			buildConfigurations = (
				A638E531242BB09700F517B7 /* Debug */,
				A638E532242BB09700F517B7 /* Release */,
			);
			defaultConfigurationIsVisible = 0;
			defaultConfigurationName = Release;
		};
/* End XCConfigurationList section */
	};
	rootObject = A638E4F8242BB09200F517B7 /* Project object */;
}
